
Microsoft Visual Studio Solution File, Format Version 12.00
# Visual Studio Version 17
VisualStudioVersion = 17.6.33815.320
MinimumVisualStudioVersion = 10.0.40219.1
Project("{FAE04EC0-301F-11D3-BF4B-00C04F79EFBC}") = "RedisExampleApp.API", "RedisExampleApp.API\RedisExampleApp.API.csproj", "{5D2C8CE9-9694-4744-96BD-C270DC981FC7}"
EndProject
Project("{FAE04EC0-301F-11D3-BF4B-00C04F79EFBC}") = "RedisExampleApp.Cache", "RedisExampleApp.Cache\RedisExampleApp.Cache.csproj", "{7B49AA45-C087-4A8C-A7BA-40FB8FEB337A}"
EndProject
Global
	GlobalSection(SolutionConfigurationPlatforms) = preSolution
		Debug|Any CPU = Debug|Any CPU
		Release|Any CPU = Release|Any CPU
	EndGlobalSection
	GlobalSection(ProjectConfigurationPlatforms) = postSolution
		{5D2C8CE9-9694-4744-96BD-C270DC981FC7}.Debug|Any CPU.ActiveCfg = Debug|Any CPU
		{5D2C8CE9-9694-4744-96BD-C270DC981FC7}.Debug|Any CPU.Build.0 = Debug|Any CPU
		{5D2C8CE9-9694-4744-96BD-C270DC981FC7}.Release|Any CPU.ActiveCfg = Release|Any CPU
		{5D2C8CE9-9694-4744-96BD-C270DC981FC7}.Release|Any CPU.Build.0 = Release|Any CPU
		{7B49AA45-C087-4A8C-A7BA-40FB8FEB337A}.Debug|Any CPU.ActiveCfg = Debug|Any CPU
		{7B49AA45-C087-4A8C-A7BA-40FB8FEB337A}.Debug|Any CPU.Build.0 = Debug|Any CPU
		{7B49AA45-C087-4A8C-A7BA-40FB8FEB337A}.Release|Any CPU.ActiveCfg = Release|Any CPU
		{7B49AA45-C087-4A8C-A7BA-40FB8FEB337A}.Release|Any CPU.Build.0 = Release|Any CPU
	EndGlobalSection
	GlobalSection(SolutionProperties) = preSolution
		HideSolutionNode = FALSE
	EndGlobalSection
	GlobalSection(ExtensibilityGlobals) = postSolution
		SolutionGuid = {51261EBB-852F-43F8-B8D9-752C399A5165}
	EndGlobalSection
EndGlobal
